// !$*UTF8*$!
{
	archiveVersion = 1;
	classes = {
	};
	objectVersion = 50;
	objects = {

/* Begin PBXBuildFile section */
		856A7FCD24367F6900FF9BAE /* GazeTracker.swift in Sources */ = {isa = PBXBuildFile; fileRef = 856A7FCC24367F6900FF9BAE /* GazeTracker.swift */; };
		856CA6C52437781600A4C38C /* Homography.swift in Sources */ = {isa = PBXBuildFile; fileRef = 856CA6C42437781600A4C38C /* Homography.swift */; };
		85755E9E24366D4C00F7BDD1 /* AppDelegate.swift in Sources */ = {isa = PBXBuildFile; fileRef = 85755E9D24366D4C00F7BDD1 /* AppDelegate.swift */; };
		85755EA024366D4C00F7BDD1 /* SceneDelegate.swift in Sources */ = {isa = PBXBuildFile; fileRef = 85755E9F24366D4C00F7BDD1 /* SceneDelegate.swift */; };
		85755EA224366D4C00F7BDD1 /* CalibrationController.swift in Sources */ = {isa = PBXBuildFile; fileRef = 85755EA124366D4C00F7BDD1 /* CalibrationController.swift */; };
		85755EA524366D4C00F7BDD1 /* Main.storyboard in Resources */ = {isa = PBXBuildFile; fileRef = 85755EA324366D4C00F7BDD1 /* Main.storyboard */; };
		85755EA724366D4E00F7BDD1 /* Assets.xcassets in Resources */ = {isa = PBXBuildFile; fileRef = 85755EA624366D4E00F7BDD1 /* Assets.xcassets */; };
		85755EAA24366D4E00F7BDD1 /* LaunchScreen.storyboard in Resources */ = {isa = PBXBuildFile; fileRef = 85755EA824366D4E00F7BDD1 /* LaunchScreen.storyboard */; };
		85755EB524366D4E00F7BDD1 /* GazeARTests.swift in Sources */ = {isa = PBXBuildFile; fileRef = 85755EB424366D4E00F7BDD1 /* GazeARTests.swift */; };
		85755EC024366D4E00F7BDD1 /* GazeARUITests.swift in Sources */ = {isa = PBXBuildFile; fileRef = 85755EBF24366D4E00F7BDD1 /* GazeARUITests.swift */; };
		858ACD2D243CD3850020D1A0 /* OpenCVWrapper.mm in Sources */ = {isa = PBXBuildFile; fileRef = 858ACD2C243CD3850020D1A0 /* OpenCVWrapper.mm */; };
		85E9B2DD243CAE9A002AE366 /* GameController.swift in Sources */ = {isa = PBXBuildFile; fileRef = 85E9B2DC243CAE9A002AE366 /* GameController.swift */; };
		85FEEED82436ACCD0011E50F /* Calibration.swift in Sources */ = {isa = PBXBuildFile; fileRef = 85FEEED72436ACCD0011E50F /* Calibration.swift */; };
		AF90077177233549601E5909 /* libPods-GazeAR-GazeARUITests.a in Frameworks */ = {isa = PBXBuildFile; fileRef = 8AA4C73C345E9D82B1F5CEC6 /* libPods-GazeAR-GazeARUITests.a */; };
		B3F67933D65522CC303821BB /* libPods-GazeAR.a in Frameworks */ = {isa = PBXBuildFile; fileRef = 8E2A09FB02E59242C24EE864 /* libPods-GazeAR.a */; };
		F8C145D175382F6836659688 /* libPods-GazeARTests.a in Frameworks */ = {isa = PBXBuildFile; fileRef = AE43EFB9220BD228F91CD0F5 /* libPods-GazeARTests.a */; };
/* End PBXBuildFile section */

/* Begin PBXContainerItemProxy section */
		85755EB124366D4E00F7BDD1 /* PBXContainerItemProxy */ = {
			isa = PBXContainerItemProxy;
			containerPortal = 85755E9224366D4C00F7BDD1 /* Project object */;
			proxyType = 1;
			remoteGlobalIDString = 85755E9924366D4C00F7BDD1;
			remoteInfo = GazeAR;
		};
		85755EBC24366D4E00F7BDD1 /* PBXContainerItemProxy */ = {
			isa = PBXContainerItemProxy;
			containerPortal = 85755E9224366D4C00F7BDD1 /* Project object */;
			proxyType = 1;
			remoteGlobalIDString = 85755E9924366D4C00F7BDD1;
			remoteInfo = GazeAR;
		};
/* End PBXContainerItemProxy section */

/* Begin PBXFileReference section */
		274F9CC0D603EE4D860E633D /* Pods-GazeAR.debug.xcconfig */ = {isa = PBXFileReference; includeInIndex = 1; lastKnownFileType = text.xcconfig; name = "Pods-GazeAR.debug.xcconfig"; path = "Target Support Files/Pods-GazeAR/Pods-GazeAR.debug.xcconfig"; sourceTree = "<group>"; };
		2A47071D5F5F1FF92C964893 /* Pods-GazeAR-GazeARUITests.debug.xcconfig */ = {isa = PBXFileReference; includeInIndex = 1; lastKnownFileType = text.xcconfig; name = "Pods-GazeAR-GazeARUITests.debug.xcconfig"; path = "Target Support Files/Pods-GazeAR-GazeARUITests/Pods-GazeAR-GazeARUITests.debug.xcconfig"; sourceTree = "<group>"; };
		4F00211C7C7D841ED503AB33 /* Pods-GazeAR.release.xcconfig */ = {isa = PBXFileReference; includeInIndex = 1; lastKnownFileType = text.xcconfig; name = "Pods-GazeAR.release.xcconfig"; path = "Target Support Files/Pods-GazeAR/Pods-GazeAR.release.xcconfig"; sourceTree = "<group>"; };
		791E955318912D44CD867A34 /* Pods-GazeARTests.debug.xcconfig */ = {isa = PBXFileReference; includeInIndex = 1; lastKnownFileType = text.xcconfig; name = "Pods-GazeARTests.debug.xcconfig"; path = "Target Support Files/Pods-GazeARTests/Pods-GazeARTests.debug.xcconfig"; sourceTree = "<group>"; };
		851AD7CF243CE3960088CC48 /* GazeAR-Bridging-Header.h */ = {isa = PBXFileReference; lastKnownFileType = sourcecode.c.h; path = "GazeAR-Bridging-Header.h"; sourceTree = "<group>"; };
		856A7FCC24367F6900FF9BAE /* GazeTracker.swift */ = {isa = PBXFileReference; lastKnownFileType = sourcecode.swift; path = GazeTracker.swift; sourceTree = "<group>"; };
		856CA6C42437781600A4C38C /* Homography.swift */ = {isa = PBXFileReference; lastKnownFileType = sourcecode.swift; path = Homography.swift; sourceTree = "<group>"; };
		85755E9A24366D4C00F7BDD1 /* GazeAR.app */ = {isa = PBXFileReference; explicitFileType = wrapper.application; includeInIndex = 0; path = GazeAR.app; sourceTree = BUILT_PRODUCTS_DIR; };
		85755E9D24366D4C00F7BDD1 /* AppDelegate.swift */ = {isa = PBXFileReference; lastKnownFileType = sourcecode.swift; path = AppDelegate.swift; sourceTree = "<group>"; };
		85755E9F24366D4C00F7BDD1 /* SceneDelegate.swift */ = {isa = PBXFileReference; lastKnownFileType = sourcecode.swift; path = SceneDelegate.swift; sourceTree = "<group>"; };
		85755EA124366D4C00F7BDD1 /* CalibrationController.swift */ = {isa = PBXFileReference; lastKnownFileType = sourcecode.swift; path = CalibrationController.swift; sourceTree = "<group>"; };
		85755EA424366D4C00F7BDD1 /* Base */ = {isa = PBXFileReference; lastKnownFileType = file.storyboard; name = Base; path = Base.lproj/Main.storyboard; sourceTree = "<group>"; };
		85755EA624366D4E00F7BDD1 /* Assets.xcassets */ = {isa = PBXFileReference; lastKnownFileType = folder.assetcatalog; path = Assets.xcassets; sourceTree = "<group>"; };
		85755EA924366D4E00F7BDD1 /* Base */ = {isa = PBXFileReference; lastKnownFileType = file.storyboard; name = Base; path = Base.lproj/LaunchScreen.storyboard; sourceTree = "<group>"; };
		85755EAB24366D4E00F7BDD1 /* Info.plist */ = {isa = PBXFileReference; lastKnownFileType = text.plist.xml; path = Info.plist; sourceTree = "<group>"; };
		85755EB024366D4E00F7BDD1 /* GazeARTests.xctest */ = {isa = PBXFileReference; explicitFileType = wrapper.cfbundle; includeInIndex = 0; path = GazeARTests.xctest; sourceTree = BUILT_PRODUCTS_DIR; };
		85755EB424366D4E00F7BDD1 /* GazeARTests.swift */ = {isa = PBXFileReference; lastKnownFileType = sourcecode.swift; path = GazeARTests.swift; sourceTree = "<group>"; };
		85755EB624366D4E00F7BDD1 /* Info.plist */ = {isa = PBXFileReference; lastKnownFileType = text.plist.xml; path = Info.plist; sourceTree = "<group>"; };
		85755EBB24366D4E00F7BDD1 /* GazeARUITests.xctest */ = {isa = PBXFileReference; explicitFileType = wrapper.cfbundle; includeInIndex = 0; path = GazeARUITests.xctest; sourceTree = BUILT_PRODUCTS_DIR; };
		85755EBF24366D4E00F7BDD1 /* GazeARUITests.swift */ = {isa = PBXFileReference; lastKnownFileType = sourcecode.swift; path = GazeARUITests.swift; sourceTree = "<group>"; };
		85755EC124366D4E00F7BDD1 /* Info.plist */ = {isa = PBXFileReference; lastKnownFileType = text.plist.xml; path = Info.plist; sourceTree = "<group>"; };
		858ACD2C243CD3850020D1A0 /* OpenCVWrapper.mm */ = {isa = PBXFileReference; lastKnownFileType = sourcecode.cpp.objcpp; path = OpenCVWrapper.mm; sourceTree = "<group>"; };
		858ACD2E243CD3970020D1A0 /* OpenCVWrapper.h */ = {isa = PBXFileReference; lastKnownFileType = sourcecode.c.h; path = OpenCVWrapper.h; sourceTree = "<group>"; };
		85E9B2DC243CAE9A002AE366 /* GameController.swift */ = {isa = PBXFileReference; lastKnownFileType = sourcecode.swift; path = GameController.swift; sourceTree = "<group>"; };
		85FEEED72436ACCD0011E50F /* Calibration.swift */ = {isa = PBXFileReference; lastKnownFileType = sourcecode.swift; path = Calibration.swift; sourceTree = "<group>"; };
		8AA4C73C345E9D82B1F5CEC6 /* libPods-GazeAR-GazeARUITests.a */ = {isa = PBXFileReference; explicitFileType = archive.ar; includeInIndex = 0; path = "libPods-GazeAR-GazeARUITests.a"; sourceTree = BUILT_PRODUCTS_DIR; };
		8E2A09FB02E59242C24EE864 /* libPods-GazeAR.a */ = {isa = PBXFileReference; explicitFileType = archive.ar; includeInIndex = 0; path = "libPods-GazeAR.a"; sourceTree = BUILT_PRODUCTS_DIR; };
		AE43EFB9220BD228F91CD0F5 /* libPods-GazeARTests.a */ = {isa = PBXFileReference; explicitFileType = archive.ar; includeInIndex = 0; path = "libPods-GazeARTests.a"; sourceTree = BUILT_PRODUCTS_DIR; };
		B7220988DDD46741F82D2392 /* Pods-GazeARTests.release.xcconfig */ = {isa = PBXFileReference; includeInIndex = 1; lastKnownFileType = text.xcconfig; name = "Pods-GazeARTests.release.xcconfig"; path = "Target Support Files/Pods-GazeARTests/Pods-GazeARTests.release.xcconfig"; sourceTree = "<group>"; };
		D8B51226F67CD66EA952771C /* Pods-GazeAR-GazeARUITests.release.xcconfig */ = {isa = PBXFileReference; includeInIndex = 1; lastKnownFileType = text.xcconfig; name = "Pods-GazeAR-GazeARUITests.release.xcconfig"; path = "Target Support Files/Pods-GazeAR-GazeARUITests/Pods-GazeAR-GazeARUITests.release.xcconfig"; sourceTree = "<group>"; };
/* End PBXFileReference section */

/* Begin PBXFrameworksBuildPhase section */
		85755E9724366D4C00F7BDD1 /* Frameworks */ = {
			isa = PBXFrameworksBuildPhase;
			buildActionMask = 2147483647;
			files = (
				B3F67933D65522CC303821BB /* libPods-GazeAR.a in Frameworks */,
			);
			runOnlyForDeploymentPostprocessing = 0;
		};
		85755EAD24366D4E00F7BDD1 /* Frameworks */ = {
			isa = PBXFrameworksBuildPhase;
			buildActionMask = 2147483647;
			files = (
				F8C145D175382F6836659688 /* libPods-GazeARTests.a in Frameworks */,
			);
			runOnlyForDeploymentPostprocessing = 0;
		};
		85755EB824366D4E00F7BDD1 /* Frameworks */ = {
			isa = PBXFrameworksBuildPhase;
			buildActionMask = 2147483647;
			files = (
				AF90077177233549601E5909 /* libPods-GazeAR-GazeARUITests.a in Frameworks */,
			);
			runOnlyForDeploymentPostprocessing = 0;
		};
/* End PBXFrameworksBuildPhase section */

/* Begin PBXGroup section */
		8056B0A0749CFC46F5CD33B6 /* Pods */ = {
			isa = PBXGroup;
			children = (
				274F9CC0D603EE4D860E633D /* Pods-GazeAR.debug.xcconfig */,
				4F00211C7C7D841ED503AB33 /* Pods-GazeAR.release.xcconfig */,
				2A47071D5F5F1FF92C964893 /* Pods-GazeAR-GazeARUITests.debug.xcconfig */,
				D8B51226F67CD66EA952771C /* Pods-GazeAR-GazeARUITests.release.xcconfig */,
				791E955318912D44CD867A34 /* Pods-GazeARTests.debug.xcconfig */,
				B7220988DDD46741F82D2392 /* Pods-GazeARTests.release.xcconfig */,
			);
			path = Pods;
			sourceTree = "<group>";
		};
		856C4C23243CD1AB00269728 /* OpenCV */ = {
			isa = PBXGroup;
			children = (
				856CA6C42437781600A4C38C /* Homography.swift */,
				858ACD2C243CD3850020D1A0 /* OpenCVWrapper.mm */,
				858ACD2E243CD3970020D1A0 /* OpenCVWrapper.h */,
				851AD7CF243CE3960088CC48 /* GazeAR-Bridging-Header.h */,
			);
			path = OpenCV;
			sourceTree = "<group>";
		};
		85755E9124366D4C00F7BDD1 = {
			isa = PBXGroup;
			children = (
				85755E9C24366D4C00F7BDD1 /* GazeAR */,
				85755EB324366D4E00F7BDD1 /* GazeARTests */,
				85755EBE24366D4E00F7BDD1 /* GazeARUITests */,
				85755E9B24366D4C00F7BDD1 /* Products */,
				8056B0A0749CFC46F5CD33B6 /* Pods */,
				CDB3163E9E389B153CD0B3E6 /* Frameworks */,
			);
			sourceTree = "<group>";
		};
		85755E9B24366D4C00F7BDD1 /* Products */ = {
			isa = PBXGroup;
			children = (
				85755E9A24366D4C00F7BDD1 /* GazeAR.app */,
				85755EB024366D4E00F7BDD1 /* GazeARTests.xctest */,
				85755EBB24366D4E00F7BDD1 /* GazeARUITests.xctest */,
			);
			name = Products;
			sourceTree = "<group>";
		};
		85755E9C24366D4C00F7BDD1 /* GazeAR */ = {
			isa = PBXGroup;
			children = (
				856C4C23243CD1AB00269728 /* OpenCV */,
				85E9B2DF243CB1B3002AE366 /* Object Classes */,
				85E9B2DE243CB188002AE366 /* View Controllers */,
				85755E9D24366D4C00F7BDD1 /* AppDelegate.swift */,
				85755E9F24366D4C00F7BDD1 /* SceneDelegate.swift */,
				85755EA324366D4C00F7BDD1 /* Main.storyboard */,
				85755EA624366D4E00F7BDD1 /* Assets.xcassets */,
				85755EA824366D4E00F7BDD1 /* LaunchScreen.storyboard */,
				85755EAB24366D4E00F7BDD1 /* Info.plist */,
			);
			path = GazeAR;
			sourceTree = "<group>";
		};
		85755EB324366D4E00F7BDD1 /* GazeARTests */ = {
			isa = PBXGroup;
			children = (
				85755EB424366D4E00F7BDD1 /* GazeARTests.swift */,
				85755EB624366D4E00F7BDD1 /* Info.plist */,
			);
			path = GazeARTests;
			sourceTree = "<group>";
		};
		85755EBE24366D4E00F7BDD1 /* GazeARUITests */ = {
			isa = PBXGroup;
			children = (
				85755EBF24366D4E00F7BDD1 /* GazeARUITests.swift */,
				85755EC124366D4E00F7BDD1 /* Info.plist */,
			);
			path = GazeARUITests;
			sourceTree = "<group>";
		};
		85E9B2DE243CB188002AE366 /* View Controllers */ = {
			isa = PBXGroup;
			children = (
				85755EA124366D4C00F7BDD1 /* CalibrationController.swift */,
				85E9B2DC243CAE9A002AE366 /* GameController.swift */,
			);
			path = "View Controllers";
			sourceTree = "<group>";
		};
		85E9B2DF243CB1B3002AE366 /* Object Classes */ = {
			isa = PBXGroup;
			children = (
				856A7FCC24367F6900FF9BAE /* GazeTracker.swift */,
				85FEEED72436ACCD0011E50F /* Calibration.swift */,
			);
			path = "Object Classes";
			sourceTree = "<group>";
		};
		CDB3163E9E389B153CD0B3E6 /* Frameworks */ = {
			isa = PBXGroup;
			children = (
				8E2A09FB02E59242C24EE864 /* libPods-GazeAR.a */,
				8AA4C73C345E9D82B1F5CEC6 /* libPods-GazeAR-GazeARUITests.a */,
				AE43EFB9220BD228F91CD0F5 /* libPods-GazeARTests.a */,
			);
			name = Frameworks;
			sourceTree = "<group>";
		};
/* End PBXGroup section */

/* Begin PBXNativeTarget section */
		85755E9924366D4C00F7BDD1 /* GazeAR */ = {
			isa = PBXNativeTarget;
			buildConfigurationList = 85755EC424366D4E00F7BDD1 /* Build configuration list for PBXNativeTarget "GazeAR" */;
			buildPhases = (
				18D9F474222D4CE915C4A9C0 /* [CP] Check Pods Manifest.lock */,
				85755E9624366D4C00F7BDD1 /* Sources */,
				85755E9724366D4C00F7BDD1 /* Frameworks */,
				85755E9824366D4C00F7BDD1 /* Resources */,
			);
			buildRules = (
			);
			dependencies = (
			);
			name = GazeAR;
			productName = GazeAR;
			productReference = 85755E9A24366D4C00F7BDD1 /* GazeAR.app */;
			productType = "com.apple.product-type.application";
		};
		85755EAF24366D4E00F7BDD1 /* GazeARTests */ = {
			isa = PBXNativeTarget;
			buildConfigurationList = 85755EC724366D4E00F7BDD1 /* Build configuration list for PBXNativeTarget "GazeARTests" */;
			buildPhases = (
				EF8A09A2FEAC16046EDC0A3D /* [CP] Check Pods Manifest.lock */,
				85755EAC24366D4E00F7BDD1 /* Sources */,
				85755EAD24366D4E00F7BDD1 /* Frameworks */,
				85755EAE24366D4E00F7BDD1 /* Resources */,
			);
			buildRules = (
			);
			dependencies = (
				85755EB224366D4E00F7BDD1 /* PBXTargetDependency */,
			);
			name = GazeARTests;
			productName = GazeARTests;
			productReference = 85755EB024366D4E00F7BDD1 /* GazeARTests.xctest */;
			productType = "com.apple.product-type.bundle.unit-test";
		};
		85755EBA24366D4E00F7BDD1 /* GazeARUITests */ = {
			isa = PBXNativeTarget;
			buildConfigurationList = 85755ECA24366D4E00F7BDD1 /* Build configuration list for PBXNativeTarget "GazeARUITests" */;
			buildPhases = (
				594B9BE22801CC362B64BD78 /* [CP] Check Pods Manifest.lock */,
				85755EB724366D4E00F7BDD1 /* Sources */,
				85755EB824366D4E00F7BDD1 /* Frameworks */,
				85755EB924366D4E00F7BDD1 /* Resources */,
			);
			buildRules = (
			);
			dependencies = (
				85755EBD24366D4E00F7BDD1 /* PBXTargetDependency */,
			);
			name = GazeARUITests;
			productName = GazeARUITests;
			productReference = 85755EBB24366D4E00F7BDD1 /* GazeARUITests.xctest */;
			productType = "com.apple.product-type.bundle.ui-testing";
		};
/* End PBXNativeTarget section */

/* Begin PBXProject section */
		85755E9224366D4C00F7BDD1 /* Project object */ = {
			isa = PBXProject;
			attributes = {
				LastSwiftUpdateCheck = 1140;
				LastUpgradeCheck = 1140;
				ORGANIZATIONNAME = "Cowboy Lynk";
				TargetAttributes = {
					85755E9924366D4C00F7BDD1 = {
						CreatedOnToolsVersion = 11.4;
						LastSwiftMigration = 1140;
					};
					85755EAF24366D4E00F7BDD1 = {
						CreatedOnToolsVersion = 11.4;
						TestTargetID = 85755E9924366D4C00F7BDD1;
					};
					85755EBA24366D4E00F7BDD1 = {
						CreatedOnToolsVersion = 11.4;
						TestTargetID = 85755E9924366D4C00F7BDD1;
					};
				};
			};
			buildConfigurationList = 85755E9524366D4C00F7BDD1 /* Build configuration list for PBXProject "GazeAR" */;
			compatibilityVersion = "Xcode 9.3";
			developmentRegion = en;
			hasScannedForEncodings = 0;
			knownRegions = (
				en,
				Base,
			);
			mainGroup = 85755E9124366D4C00F7BDD1;
			productRefGroup = 85755E9B24366D4C00F7BDD1 /* Products */;
			projectDirPath = "";
			projectRoot = "";
			targets = (
				85755E9924366D4C00F7BDD1 /* GazeAR */,
				85755EAF24366D4E00F7BDD1 /* GazeARTests */,
				85755EBA24366D4E00F7BDD1 /* GazeARUITests */,
			);
		};
/* End PBXProject section */

/* Begin PBXResourcesBuildPhase section */
		85755E9824366D4C00F7BDD1 /* Resources */ = {
			isa = PBXResourcesBuildPhase;
			buildActionMask = 2147483647;
			files = (
				85755EAA24366D4E00F7BDD1 /* LaunchScreen.storyboard in Resources */,
				85755EA724366D4E00F7BDD1 /* Assets.xcassets in Resources */,
				85755EA524366D4C00F7BDD1 /* Main.storyboard in Resources */,
			);
			runOnlyForDeploymentPostprocessing = 0;
		};
		85755EAE24366D4E00F7BDD1 /* Resources */ = {
			isa = PBXResourcesBuildPhase;
			buildActionMask = 2147483647;
			files = (
			);
			runOnlyForDeploymentPostprocessing = 0;
		};
		85755EB924366D4E00F7BDD1 /* Resources */ = {
			isa = PBXResourcesBuildPhase;
			buildActionMask = 2147483647;
			files = (
			);
			runOnlyForDeploymentPostprocessing = 0;
		};
/* End PBXResourcesBuildPhase section */

/* Begin PBXShellScriptBuildPhase section */
		18D9F474222D4CE915C4A9C0 /* [CP] Check Pods Manifest.lock */ = {
			isa = PBXShellScriptBuildPhase;
			buildActionMask = 2147483647;
			files = (
			);
			inputFileListPaths = (
			);
			inputPaths = (
				"${PODS_PODFILE_DIR_PATH}/Podfile.lock",
				"${PODS_ROOT}/Manifest.lock",
			);
			name = "[CP] Check Pods Manifest.lock";
			outputFileListPaths = (
			);
			outputPaths = (
				"$(DERIVED_FILE_DIR)/Pods-GazeAR-checkManifestLockResult.txt",
			);
			runOnlyForDeploymentPostprocessing = 0;
			shellPath = /bin/sh;
			shellScript = "diff \"${PODS_PODFILE_DIR_PATH}/Podfile.lock\" \"${PODS_ROOT}/Manifest.lock\" > /dev/null\nif [ $? != 0 ] ; then\n    # print error to STDERR\n    echo \"error: The sandbox is not in sync with the Podfile.lock. Run 'pod install' or update your CocoaPods installation.\" >&2\n    exit 1\nfi\n# This output is used by Xcode 'outputs' to avoid re-running this script phase.\necho \"SUCCESS\" > \"${SCRIPT_OUTPUT_FILE_0}\"\n";
			showEnvVarsInLog = 0;
		};
		594B9BE22801CC362B64BD78 /* [CP] Check Pods Manifest.lock */ = {
			isa = PBXShellScriptBuildPhase;
			buildActionMask = 2147483647;
			files = (
			);
			inputFileListPaths = (
			);
			inputPaths = (
				"${PODS_PODFILE_DIR_PATH}/Podfile.lock",
				"${PODS_ROOT}/Manifest.lock",
			);
			name = "[CP] Check Pods Manifest.lock";
			outputFileListPaths = (
			);
			outputPaths = (
				"$(DERIVED_FILE_DIR)/Pods-GazeAR-GazeARUITests-checkManifestLockResult.txt",
			);
			runOnlyForDeploymentPostprocessing = 0;
			shellPath = /bin/sh;
			shellScript = "diff \"${PODS_PODFILE_DIR_PATH}/Podfile.lock\" \"${PODS_ROOT}/Manifest.lock\" > /dev/null\nif [ $? != 0 ] ; then\n    # print error to STDERR\n    echo \"error: The sandbox is not in sync with the Podfile.lock. Run 'pod install' or update your CocoaPods installation.\" >&2\n    exit 1\nfi\n# This output is used by Xcode 'outputs' to avoid re-running this script phase.\necho \"SUCCESS\" > \"${SCRIPT_OUTPUT_FILE_0}\"\n";
			showEnvVarsInLog = 0;
		};
		EF8A09A2FEAC16046EDC0A3D /* [CP] Check Pods Manifest.lock */ = {
			isa = PBXShellScriptBuildPhase;
			buildActionMask = 2147483647;
			files = (
			);
			inputFileListPaths = (
			);
			inputPaths = (
				"${PODS_PODFILE_DIR_PATH}/Podfile.lock",
				"${PODS_ROOT}/Manifest.lock",
			);
			name = "[CP] Check Pods Manifest.lock";
			outputFileListPaths = (
			);
			outputPaths = (
				"$(DERIVED_FILE_DIR)/Pods-GazeARTests-checkManifestLockResult.txt",
			);
			runOnlyForDeploymentPostprocessing = 0;
			shellPath = /bin/sh;
			shellScript = "diff \"${PODS_PODFILE_DIR_PATH}/Podfile.lock\" \"${PODS_ROOT}/Manifest.lock\" > /dev/null\nif [ $? != 0 ] ; then\n    # print error to STDERR\n    echo \"error: The sandbox is not in sync with the Podfile.lock. Run 'pod install' or update your CocoaPods installation.\" >&2\n    exit 1\nfi\n# This output is used by Xcode 'outputs' to avoid re-running this script phase.\necho \"SUCCESS\" > \"${SCRIPT_OUTPUT_FILE_0}\"\n";
			showEnvVarsInLog = 0;
		};
/* End PBXShellScriptBuildPhase section */

/* Begin PBXSourcesBuildPhase section */
		85755E9624366D4C00F7BDD1 /* Sources */ = {
			isa = PBXSourcesBuildPhase;
			buildActionMask = 2147483647;
			files = (
				85755EA224366D4C00F7BDD1 /* CalibrationController.swift in Sources */,
				85E9B2DD243CAE9A002AE366 /* GameController.swift in Sources */,
				85755E9E24366D4C00F7BDD1 /* AppDelegate.swift in Sources */,
				85FEEED82436ACCD0011E50F /* Calibration.swift in Sources */,
				856CA6C52437781600A4C38C /* Homography.swift in Sources */,
				85755EA024366D4C00F7BDD1 /* SceneDelegate.swift in Sources */,
				858ACD2D243CD3850020D1A0 /* OpenCVWrapper.mm in Sources */,
				856A7FCD24367F6900FF9BAE /* GazeTracker.swift in Sources */,
			);
			runOnlyForDeploymentPostprocessing = 0;
		};
		85755EAC24366D4E00F7BDD1 /* Sources */ = {
			isa = PBXSourcesBuildPhase;
			buildActionMask = 2147483647;
			files = (
				85755EB524366D4E00F7BDD1 /* GazeARTests.swift in Sources */,
			);
			runOnlyForDeploymentPostprocessing = 0;
		};
		85755EB724366D4E00F7BDD1 /* Sources */ = {
			isa = PBXSourcesBuildPhase;
			buildActionMask = 2147483647;
			files = (
				85755EC024366D4E00F7BDD1 /* GazeARUITests.swift in Sources */,
			);
			runOnlyForDeploymentPostprocessing = 0;
		};
/* End PBXSourcesBuildPhase section */

/* Begin PBXTargetDependency section */
		85755EB224366D4E00F7BDD1 /* PBXTargetDependency */ = {
			isa = PBXTargetDependency;
			target = 85755E9924366D4C00F7BDD1 /* GazeAR */;
			targetProxy = 85755EB124366D4E00F7BDD1 /* PBXContainerItemProxy */;
		};
		85755EBD24366D4E00F7BDD1 /* PBXTargetDependency */ = {
			isa = PBXTargetDependency;
			target = 85755E9924366D4C00F7BDD1 /* GazeAR */;
			targetProxy = 85755EBC24366D4E00F7BDD1 /* PBXContainerItemProxy */;
		};
/* End PBXTargetDependency section */

/* Begin PBXVariantGroup section */
		85755EA324366D4C00F7BDD1 /* Main.storyboard */ = {
			isa = PBXVariantGroup;
			children = (
				85755EA424366D4C00F7BDD1 /* Base */,
			);
			name = Main.storyboard;
			sourceTree = "<group>";
		};
		85755EA824366D4E00F7BDD1 /* LaunchScreen.storyboard */ = {
			isa = PBXVariantGroup;
			children = (
				85755EA924366D4E00F7BDD1 /* Base */,
			);
			name = LaunchScreen.storyboard;
			sourceTree = "<group>";
		};
/* End PBXVariantGroup section */

/* Begin XCBuildConfiguration section */
		85755EC224366D4E00F7BDD1 /* Debug */ = {
			isa = XCBuildConfiguration;
			buildSettings = {
				ALWAYS_SEARCH_USER_PATHS = NO;
				CLANG_ANALYZER_NONNULL = YES;
				CLANG_ANALYZER_NUMBER_OBJECT_CONVERSION = YES_AGGRESSIVE;
				CLANG_CXX_LANGUAGE_STANDARD = "gnu++14";
				CLANG_CXX_LIBRARY = "libc++";
				CLANG_ENABLE_MODULES = YES;
				CLANG_ENABLE_OBJC_ARC = YES;
				CLANG_ENABLE_OBJC_WEAK = YES;
				CLANG_WARN_BLOCK_CAPTURE_AUTORELEASING = YES;
				CLANG_WARN_BOOL_CONVERSION = YES;
				CLANG_WARN_COMMA = YES;
				CLANG_WARN_CONSTANT_CONVERSION = YES;
				CLANG_WARN_DEPRECATED_OBJC_IMPLEMENTATIONS = YES;
				CLANG_WARN_DIRECT_OBJC_ISA_USAGE = YES_ERROR;
				CLANG_WARN_DOCUMENTATION_COMMENTS = YES;
				CLANG_WARN_EMPTY_BODY = YES;
				CLANG_WARN_ENUM_CONVERSION = YES;
				CLANG_WARN_INFINITE_RECURSION = YES;
				CLANG_WARN_INT_CONVERSION = YES;
				CLANG_WARN_NON_LITERAL_NULL_CONVERSION = YES;
				CLANG_WARN_OBJC_IMPLICIT_RETAIN_SELF = YES;
				CLANG_WARN_OBJC_LITERAL_CONVERSION = YES;
				CLANG_WARN_OBJC_ROOT_CLASS = YES_ERROR;
				CLANG_WARN_RANGE_LOOP_ANALYSIS = YES;
				CLANG_WARN_STRICT_PROTOTYPES = YES;
				CLANG_WARN_SUSPICIOUS_MOVE = YES;
				CLANG_WARN_UNGUARDED_AVAILABILITY = YES_AGGRESSIVE;
				CLANG_WARN_UNREACHABLE_CODE = YES;
				CLANG_WARN__DUPLICATE_METHOD_MATCH = YES;
				COPY_PHASE_STRIP = NO;
				DEBUG_INFORMATION_FORMAT = dwarf;
				ENABLE_STRICT_OBJC_MSGSEND = YES;
				ENABLE_TESTABILITY = YES;
				GCC_C_LANGUAGE_STANDARD = gnu11;
				GCC_DYNAMIC_NO_PIC = NO;
				GCC_NO_COMMON_BLOCKS = YES;
				GCC_OPTIMIZATION_LEVEL = 0;
				GCC_PREPROCESSOR_DEFINITIONS = (
					"DEBUG=1",
					"$(inherited)",
				);
				GCC_WARN_64_TO_32_BIT_CONVERSION = YES;
				GCC_WARN_ABOUT_RETURN_TYPE = YES_ERROR;
				GCC_WARN_UNDECLARED_SELECTOR = YES;
				GCC_WARN_UNINITIALIZED_AUTOS = YES_AGGRESSIVE;
				GCC_WARN_UNUSED_FUNCTION = YES;
				GCC_WARN_UNUSED_VARIABLE = YES;
				IPHONEOS_DEPLOYMENT_TARGET = 13.4;
				MTL_ENABLE_DEBUG_INFO = INCLUDE_SOURCE;
				MTL_FAST_MATH = YES;
				ONLY_ACTIVE_ARCH = YES;
				SDKROOT = iphoneos;
				SWIFT_ACTIVE_COMPILATION_CONDITIONS = DEBUG;
				SWIFT_OPTIMIZATION_LEVEL = "-Onone";
			};
			name = Debug;
		};
		85755EC324366D4E00F7BDD1 /* Release */ = {
			isa = XCBuildConfiguration;
			buildSettings = {
				ALWAYS_SEARCH_USER_PATHS = NO;
				CLANG_ANALYZER_NONNULL = YES;
				CLANG_ANALYZER_NUMBER_OBJECT_CONVERSION = YES_AGGRESSIVE;
				CLANG_CXX_LANGUAGE_STANDARD = "gnu++14";
				CLANG_CXX_LIBRARY = "libc++";
				CLANG_ENABLE_MODULES = YES;
				CLANG_ENABLE_OBJC_ARC = YES;
				CLANG_ENABLE_OBJC_WEAK = YES;
				CLANG_WARN_BLOCK_CAPTURE_AUTORELEASING = YES;
				CLANG_WARN_BOOL_CONVERSION = YES;
				CLANG_WARN_COMMA = YES;
				CLANG_WARN_CONSTANT_CONVERSION = YES;
				CLANG_WARN_DEPRECATED_OBJC_IMPLEMENTATIONS = YES;
				CLANG_WARN_DIRECT_OBJC_ISA_USAGE = YES_ERROR;
				CLANG_WARN_DOCUMENTATION_COMMENTS = YES;
				CLANG_WARN_EMPTY_BODY = YES;
				CLANG_WARN_ENUM_CONVERSION = YES;
				CLANG_WARN_INFINITE_RECURSION = YES;
				CLANG_WARN_INT_CONVERSION = YES;
				CLANG_WARN_NON_LITERAL_NULL_CONVERSION = YES;
				CLANG_WARN_OBJC_IMPLICIT_RETAIN_SELF = YES;
				CLANG_WARN_OBJC_LITERAL_CONVERSION = YES;
				CLANG_WARN_OBJC_ROOT_CLASS = YES_ERROR;
				CLANG_WARN_RANGE_LOOP_ANALYSIS = YES;
				CLANG_WARN_STRICT_PROTOTYPES = YES;
				CLANG_WARN_SUSPICIOUS_MOVE = YES;
				CLANG_WARN_UNGUARDED_AVAILABILITY = YES_AGGRESSIVE;
				CLANG_WARN_UNREACHABLE_CODE = YES;
				CLANG_WARN__DUPLICATE_METHOD_MATCH = YES;
				COPY_PHASE_STRIP = NO;
				DEBUG_INFORMATION_FORMAT = "dwarf-with-dsym";
				ENABLE_NS_ASSERTIONS = NO;
				ENABLE_STRICT_OBJC_MSGSEND = YES;
				GCC_C_LANGUAGE_STANDARD = gnu11;
				GCC_NO_COMMON_BLOCKS = YES;
				GCC_WARN_64_TO_32_BIT_CONVERSION = YES;
				GCC_WARN_ABOUT_RETURN_TYPE = YES_ERROR;
				GCC_WARN_UNDECLARED_SELECTOR = YES;
				GCC_WARN_UNINITIALIZED_AUTOS = YES_AGGRESSIVE;
				GCC_WARN_UNUSED_FUNCTION = YES;
				GCC_WARN_UNUSED_VARIABLE = YES;
				IPHONEOS_DEPLOYMENT_TARGET = 13.4;
				MTL_ENABLE_DEBUG_INFO = NO;
				MTL_FAST_MATH = YES;
				SDKROOT = iphoneos;
				SWIFT_COMPILATION_MODE = wholemodule;
				SWIFT_OPTIMIZATION_LEVEL = "-O";
				VALIDATE_PRODUCT = YES;
			};
			name = Release;
		};
		85755EC524366D4E00F7BDD1 /* Debug */ = {
			isa = XCBuildConfiguration;
			baseConfigurationReference = 274F9CC0D603EE4D860E633D /* Pods-GazeAR.debug.xcconfig */;
			buildSettings = {
				ASSETCATALOG_COMPILER_APPICON_NAME = AppIcon;
				CLANG_ENABLE_MODULES = YES;
				CODE_SIGN_STYLE = Automatic;
				DEVELOPMENT_TEAM = 78T5GXP6Q3;
				INFOPLIST_FILE = GazeAR/Info.plist;
				LD_RUNPATH_SEARCH_PATHS = (
					"$(inherited)",
					"@executable_path/Frameworks",
				);
				PRODUCT_BUNDLE_IDENTIFIER = com.lampshadesoftware.GazeAR;
				PRODUCT_NAME = "$(TARGET_NAME)";
				SWIFT_OBJC_BRIDGING_HEADER = "GazeAR/OpenCV/GazeAR-Bridging-Header.h";
				SWIFT_OPTIMIZATION_LEVEL = "-Onone";
				SWIFT_VERSION = 5.0;
				TARGETED_DEVICE_FAMILY = "1,2";
			};
			name = Debug;
		};
		85755EC624366D4E00F7BDD1 /* Release */ = {
			isa = XCBuildConfiguration;
			baseConfigurationReference = 4F00211C7C7D841ED503AB33 /* Pods-GazeAR.release.xcconfig */;
			buildSettings = {
				ASSETCATALOG_COMPILER_APPICON_NAME = AppIcon;
				CLANG_ENABLE_MODULES = YES;
				CODE_SIGN_STYLE = Automatic;
				DEVELOPMENT_TEAM = 78T5GXP6Q3;
				INFOPLIST_FILE = GazeAR/Info.plist;
				LD_RUNPATH_SEARCH_PATHS = (
					"$(inherited)",
					"@executable_path/Frameworks",
				);
				PRODUCT_BUNDLE_IDENTIFIER = com.lampshadesoftware.GazeAR;
				PRODUCT_NAME = "$(TARGET_NAME)";
				SWIFT_OBJC_BRIDGING_HEADER = "GazeAR/OpenCV/GazeAR-Bridging-Header.h";
				SWIFT_VERSION = 5.0;
				TARGETED_DEVICE_FAMILY = "1,2";
			};
			name = Release;
		};
		85755EC824366D4E00F7BDD1 /* Debug */ = {
			isa = XCBuildConfiguration;
			baseConfigurationReference = 791E955318912D44CD867A34 /* Pods-GazeARTests.debug.xcconfig */;
			buildSettings = {
				ALWAYS_EMBED_SWIFT_STANDARD_LIBRARIES = YES;
				BUNDLE_LOADER = "$(TEST_HOST)";
				CODE_SIGN_STYLE = Automatic;
				DEVELOPMENT_TEAM = 78T5GXP6Q3;
				INFOPLIST_FILE = GazeARTests/Info.plist;
				IPHONEOS_DEPLOYMENT_TARGET = 13.4;
				LD_RUNPATH_SEARCH_PATHS = (
					"$(inherited)",
					"@executable_path/Frameworks",
					"@loader_path/Frameworks",
				);
				PRODUCT_BUNDLE_IDENTIFIER = com.lampshadesoftware.GazeARTests;
				PRODUCT_NAME = "$(TARGET_NAME)";
				SWIFT_VERSION = 5.0;
				TARGETED_DEVICE_FAMILY = "1,2";
				TEST_HOST = "$(BUILT_PRODUCTS_DIR)/GazeAR.app/GazeAR";
			};
			name = Debug;
		};
		85755EC924366D4E00F7BDD1 /* Release */ = {
			isa = XCBuildConfiguration;
			baseConfigurationReference = B7220988DDD46741F82D2392 /* Pods-GazeARTests.release.xcconfig */;
			buildSettings = {
				ALWAYS_EMBED_SWIFT_STANDARD_LIBRARIES = YES;
				BUNDLE_LOADER = "$(TEST_HOST)";
				CODE_SIGN_STYLE = Automatic;
				DEVELOPMENT_TEAM = 78T5GXP6Q3;
				INFOPLIST_FILE = GazeARTests/Info.plist;
				IPHONEOS_DEPLOYMENT_TARGET = 13.4;
				LD_RUNPATH_SEARCH_PATHS = (
					"$(inherited)",
					"@executable_path/Frameworks",
					"@loader_path/Frameworks",
				);
				PRODUCT_BUNDLE_IDENTIFIER = com.lampshadesoftware.GazeARTests;
				PRODUCT_NAME = "$(TARGET_NAME)";
				SWIFT_VERSION = 5.0;
				TARGETED_DEVICE_FAMILY = "1,2";
				TEST_HOST = "$(BUILT_PRODUCTS_DIR)/GazeAR.app/GazeAR";
			};
			name = Release;
		};
		85755ECB24366D4E00F7BDD1 /* Debug */ = {
			isa = XCBuildConfiguration;
			baseConfigurationReference = 2A47071D5F5F1FF92C964893 /* Pods-GazeAR-GazeARUITests.debug.xcconfig */;
			buildSettings = {
				ALWAYS_EMBED_SWIFT_STANDARD_LIBRARIES = YES;
				CODE_SIGN_STYLE = Automatic;
				DEVELOPMENT_TEAM = 78T5GXP6Q3;
				INFOPLIST_FILE = GazeARUITests/Info.plist;
				LD_RUNPATH_SEARCH_PATHS = (
					"$(inherited)",
					"@executable_path/Frameworks",
					"@loader_path/Frameworks",
				);
				PRODUCT_BUNDLE_IDENTIFIER = com.lampshadesoftware.GazeARUITests;
				PRODUCT_NAME = "$(TARGET_NAME)";
				SWIFT_VERSION = 5.0;
				TARGETED_DEVICE_FAMILY = "1,2";
				TEST_TARGET_NAME = GazeAR;
			};
			name = Debug;
		};
		85755ECC24366D4E00F7BDD1 /* Release */ = {
			isa = XCBuildConfiguration;
			baseConfigurationReference = D8B51226F67CD66EA952771C /* Pods-GazeAR-GazeARUITests.release.xcconfig */;
			buildSettings = {
				ALWAYS_EMBED_SWIFT_STANDARD_LIBRARIES = YES;
				CODE_SIGN_STYLE = Automatic;
				DEVELOPMENT_TEAM = 78T5GXP6Q3;
				INFOPLIST_FILE = GazeARUITests/Info.plist;
				LD_RUNPATH_SEARCH_PATHS = (
					"$(inherited)",
					"@executable_path/Frameworks",
					"@loader_path/Frameworks",
				);
				PRODUCT_BUNDLE_IDENTIFIER = com.lampshadesoftware.GazeARUITests;
				PRODUCT_NAME = "$(TARGET_NAME)";
				SWIFT_VERSION = 5.0;
				TARGETED_DEVICE_FAMILY = "1,2";
				TEST_TARGET_NAME = GazeAR;
			};
			name = Release;
		};
/* End XCBuildConfiguration section */

/* Begin XCConfigurationList section */
		85755E9524366D4C00F7BDD1 /* Build configuration list for PBXProject "GazeAR" */ = {
			isa = XCConfigurationList;
			buildConfigurations = (
				85755EC224366D4E00F7BDD1 /* Debug */,
				85755EC324366D4E00F7BDD1 /* Release */,
			);
			defaultConfigurationIsVisible = 0;
			defaultConfigurationName = Release;
		};
		85755EC424366D4E00F7BDD1 /* Build configuration list for PBXNativeTarget "GazeAR" */ = {
			isa = XCConfigurationList;
			buildConfigurations = (
				85755EC524366D4E00F7BDD1 /* Debug */,
				85755EC624366D4E00F7BDD1 /* Release */,
			);
			defaultConfigurationIsVisible = 0;
			defaultConfigurationName = Release;
		};
		85755EC724366D4E00F7BDD1 /* Build configuration list for PBXNativeTarget "GazeARTests" */ = {
			isa = XCConfigurationList;
			buildConfigurations = (
				85755EC824366D4E00F7BDD1 /* Debug */,
				85755EC924366D4E00F7BDD1 /* Release */,
			);
			defaultConfigurationIsVisible = 0;
			defaultConfigurationName = Release;
		};
		85755ECA24366D4E00F7BDD1 /* Build configuration list for PBXNativeTarget "GazeARUITests" */ = {
			isa = XCConfigurationList;
			buildConfigurations = (
				85755ECB24366D4E00F7BDD1 /* Debug */,
				85755ECC24366D4E00F7BDD1 /* Release */,
			);
			defaultConfigurationIsVisible = 0;
			defaultConfigurationName = Release;
		};
/* End XCConfigurationList section */
	};
	rootObject = 85755E9224366D4C00F7BDD1 /* Project object */;
}
